
Microsoft Visual Studio Solution File, Format Version 12.00
# Visual Studio Version 16
VisualStudioVersion = 16.0.30320.27
MinimumVisualStudioVersion = 10.0.40219.1
Project("{FAE04EC0-301F-11D3-BF4B-00C04F79EFBC}") = "MaterialDesignSample.UI", "..\..\MaterialDesignSample.UI\MaterialDesignSample.UI\MaterialDesignSample.UI.csproj", "{22595144-A468-4C81-A6AB-4705BD4D6784}"
EndProject
Global
	GlobalSection(SolutionConfigurationPlatforms) = preSolution
		Debug|Any CPU = Debug|Any CPU
		Release|Any CPU = Release|Any CPU
	EndGlobalSection
	GlobalSection(ProjectConfigurationPlatforms) = postSolution
		{22595144-A468-4C81-A6AB-4705BD4D6784}.Debug|Any CPU.ActiveCfg = Debug|Any CPU
		{22595144-A468-4C81-A6AB-4705BD4D6784}.Debug|Any CPU.Build.0 = Debug|Any CPU
		{22595144-A468-4C81-A6AB-4705BD4D6784}.Release|Any CPU.ActiveCfg = Release|Any CPU
		{22595144-A468-4C81-A6AB-4705BD4D6784}.Release|Any CPU.Build.0 = Release|Any CPU
	EndGlobalSection
	GlobalSection(SolutionProperties) = preSolution
		HideSolutionNode = FALSE
	EndGlobalSection
	GlobalSection(ExtensibilityGlobals) = postSolution
		SolutionGuid = {A7D55DB9-29BC-41CB-99A6-A57408CBF5EF}
	EndGlobalSection
EndGlobal
